
Microsoft Visual Studio Solution File, Format Version 12.00
# Visual Studio Version 17
VisualStudioVersion = 17.10.35013.160
MinimumVisualStudioVersion = 10.0.40219.1
Project("{FAE04EC0-301F-11D3-BF4B-00C04F79EFBC}") = "PracticaAPI", "PracticaAPI.csproj", "{92053EAB-0BB2-4963-9FA7-621A0D241587}"
EndProject
Global
	GlobalSection(SolutionConfigurationPlatforms) = preSolution
		Debug|Any CPU = Debug|Any CPU
		Release|Any CPU = Release|Any CPU
	EndGlobalSection
	GlobalSection(ProjectConfigurationPlatforms) = postSolution
		{92053EAB-0BB2-4963-9FA7-621A0D241587}.Debug|Any CPU.ActiveCfg = Debug|Any CPU
		{92053EAB-0BB2-4963-9FA7-621A0D241587}.Debug|Any CPU.Build.0 = Debug|Any CPU
		{92053EAB-0BB2-4963-9FA7-621A0D241587}.Release|Any CPU.ActiveCfg = Release|Any CPU
		{92053EAB-0BB2-4963-9FA7-621A0D241587}.Release|Any CPU.Build.0 = Release|Any CPU
	EndGlobalSection
	GlobalSection(SolutionProperties) = preSolution
		HideSolutionNode = FALSE
	EndGlobalSection
	GlobalSection(ExtensibilityGlobals) = postSolution
		SolutionGuid = {23E6C5A3-9841-4F52-BF8A-42638FFDF6BE}
	EndGlobalSection
EndGlobal
